// !$*UTF8*$!
{
	archiveVersion = 1;
	classes = {
	};
	objectVersion = 56;
	objects = {

/* Begin PBXBuildFile section */
		08CB00002993CA7C00DB6DEB /* StackInTableCellVC.swift in Sources */ = {isa = PBXBuildFile; fileRef = 08CBFFFF2993CA7C00DB6DEB /* StackInTableCellVC.swift */; };
		08CB00022993D0BD00DB6DEB /* StretchAllImagesVC.swift in Sources */ = {isa = PBXBuildFile; fileRef = 08CB00012993D0BD00DB6DEB /* StretchAllImagesVC.swift */; };
		08CB00042993D5B100DB6DEB /* ImageRationAwareVC.swift in Sources */ = {isa = PBXBuildFile; fileRef = 08CB00032993D5B100DB6DEB /* ImageRationAwareVC.swift */; };
		08CB00062993F15900DB6DEB /* ComplexLayoutVC.swift in Sources */ = {isa = PBXBuildFile; fileRef = 08CB00052993F15900DB6DEB /* ComplexLayoutVC.swift */; };
		08CB00702995489400DB6DEB /* HorizontalStackExperiment.swift in Sources */ = {isa = PBXBuildFile; fileRef = 08CB006F2995489400DB6DEB /* HorizontalStackExperiment.swift */; };
		08CBFFDD2992DE4900DB6DEB /* AppDelegate.swift in Sources */ = {isa = PBXBuildFile; fileRef = 08CBFFDC2992DE4900DB6DEB /* AppDelegate.swift */; };
		08CBFFDF2992DE4900DB6DEB /* SceneDelegate.swift in Sources */ = {isa = PBXBuildFile; fileRef = 08CBFFDE2992DE4900DB6DEB /* SceneDelegate.swift */; };
		08CBFFE12992DE4900DB6DEB /* ChangeImageRatioByButtonViewController.swift in Sources */ = {isa = PBXBuildFile; fileRef = 08CBFFE02992DE4900DB6DEB /* ChangeImageRatioByButtonViewController.swift */; };
		08CBFFE62992DE4C00DB6DEB /* Assets.xcassets in Resources */ = {isa = PBXBuildFile; fileRef = 08CBFFE52992DE4C00DB6DEB /* Assets.xcassets */; };
		08CBFFE92992DE4C00DB6DEB /* LaunchScreen.storyboard in Resources */ = {isa = PBXBuildFile; fileRef = 08CBFFE72992DE4C00DB6DEB /* LaunchScreen.storyboard */; };
		08CBFFF22992DE8D00DB6DEB /* SnapKit in Frameworks */ = {isa = PBXBuildFile; productRef = 08CBFFF12992DE8D00DB6DEB /* SnapKit */; };
		08CBFFF42992DF5200DB6DEB /* Extension+UIColor.swift in Sources */ = {isa = PBXBuildFile; fileRef = 08CBFFF32992DF5200DB6DEB /* Extension+UIColor.swift */; };
		08CBFFF62993819300DB6DEB /* MenuTableViewController.swift in Sources */ = {isa = PBXBuildFile; fileRef = 08CBFFF52993819300DB6DEB /* MenuTableViewController.swift */; };
		08CBFFF829938AAC00DB6DEB /* ChangeImageRatioByButtonStackViewController.swift in Sources */ = {isa = PBXBuildFile; fileRef = 08CBFFF729938AAC00DB6DEB /* ChangeImageRatioByButtonStackViewController.swift */; };
		08CBFFFA2993A31200DB6DEB /* ExploreImagViewIntrinsicSizeViewController.swift in Sources */ = {isa = PBXBuildFile; fileRef = 08CBFFF92993A31200DB6DEB /* ExploreImagViewIntrinsicSizeViewController.swift */; };
		08CBFFFC2993BB7B00DB6DEB /* ImageInTableViewVC.swift in Sources */ = {isa = PBXBuildFile; fileRef = 08CBFFFB2993BB7B00DB6DEB /* ImageInTableViewVC.swift */; };
		08CBFFFE2993C28E00DB6DEB /* MoreElementsInCellVC.swift in Sources */ = {isa = PBXBuildFile; fileRef = 08CBFFFD2993C28E00DB6DEB /* MoreElementsInCellVC.swift */; };
/* End PBXBuildFile section */

/* Begin PBXFileReference section */
		08CB00012993D0BD00DB6DEB /* StretchAllImagesVC.swift */ = {isa = PBXFileReference; lastKnownFileType = sourcecode.swift; path = StretchAllImagesVC.swift; sourceTree = "<group>"; };
		08CB00032993D5B100DB6DEB /* ImageRationAwareVC.swift */ = {isa = PBXFileReference; lastKnownFileType = sourcecode.swift; path = ImageRationAwareVC.swift; sourceTree = "<group>"; };
		08CB00052993F15900DB6DEB /* ComplexLayoutVC.swift */ = {isa = PBXFileReference; lastKnownFileType = sourcecode.swift; path = ComplexLayoutVC.swift; sourceTree = "<group>"; };
		08CB006F2995489400DB6DEB /* HorizontalStackExperiment.swift */ = {isa = PBXFileReference; lastKnownFileType = sourcecode.swift; path = HorizontalStackExperiment.swift; sourceTree = "<group>"; };
		08CBFFD92992DE4900DB6DEB /* SnapExplore.app */ = {isa = PBXFileReference; explicitFileType = wrapper.application; includeInIndex = 0; path = SnapExplore.app; sourceTree = BUILT_PRODUCTS_DIR; };
		08CBFFDC2992DE4900DB6DEB /* AppDelegate.swift */ = {isa = PBXFileReference; lastKnownFileType = sourcecode.swift; path = AppDelegate.swift; sourceTree = "<group>"; };
		08CBFFDE2992DE4900DB6DEB /* SceneDelegate.swift */ = {isa = PBXFileReference; lastKnownFileType = sourcecode.swift; path = SceneDelegate.swift; sourceTree = "<group>"; };
		08CBFFE02992DE4900DB6DEB /* ChangeImageRatioByButtonViewController.swift */ = {isa = PBXFileReference; lastKnownFileType = sourcecode.swift; path = ChangeImageRatioByButtonViewController.swift; sourceTree = "<group>"; };
		08CBFFE52992DE4C00DB6DEB /* Assets.xcassets */ = {isa = PBXFileReference; lastKnownFileType = folder.assetcatalog; path = Assets.xcassets; sourceTree = "<group>"; };
		08CBFFE82992DE4C00DB6DEB /* Base */ = {isa = PBXFileReference; lastKnownFileType = file.storyboard; name = Base; path = Base.lproj/LaunchScreen.storyboard; sourceTree = "<group>"; };
		08CBFFEA2992DE4C00DB6DEB /* Info.plist */ = {isa = PBXFileReference; lastKnownFileType = text.plist.xml; path = Info.plist; sourceTree = "<group>"; };
		08CBFFF32992DF5200DB6DEB /* Extension+UIColor.swift */ = {isa = PBXFileReference; lastKnownFileType = sourcecode.swift; path = "Extension+UIColor.swift"; sourceTree = "<group>"; };
		08CBFFF52993819300DB6DEB /* MenuTableViewController.swift */ = {isa = PBXFileReference; lastKnownFileType = sourcecode.swift; path = MenuTableViewController.swift; sourceTree = "<group>"; };
		08CBFFF729938AAC00DB6DEB /* ChangeImageRatioByButtonStackViewController.swift */ = {isa = PBXFileReference; lastKnownFileType = sourcecode.swift; path = ChangeImageRatioByButtonStackViewController.swift; sourceTree = "<group>"; };
		08CBFFF92993A31200DB6DEB /* ExploreImagViewIntrinsicSizeViewController.swift */ = {isa = PBXFileReference; lastKnownFileType = sourcecode.swift; path = ExploreImagViewIntrinsicSizeViewController.swift; sourceTree = "<group>"; };
		08CBFFFB2993BB7B00DB6DEB /* ImageInTableViewVC.swift */ = {isa = PBXFileReference; lastKnownFileType = sourcecode.swift; path = ImageInTableViewVC.swift; sourceTree = "<group>"; };
		08CBFFFD2993C28E00DB6DEB /* MoreElementsInCellVC.swift */ = {isa = PBXFileReference; lastKnownFileType = sourcecode.swift; path = MoreElementsInCellVC.swift; sourceTree = "<group>"; };
		08CBFFFF2993CA7C00DB6DEB /* StackInTableCellVC.swift */ = {isa = PBXFileReference; lastKnownFileType = sourcecode.swift; path = StackInTableCellVC.swift; sourceTree = "<group>"; };
/* End PBXFileReference section */

/* Begin PBXFrameworksBuildPhase section */
		08CBFFD62992DE4900DB6DEB /* Frameworks */ = {
			isa = PBXFrameworksBuildPhase;
			buildActionMask = 2147483647;
			files = (
				08CBFFF22992DE8D00DB6DEB /* SnapKit in Frameworks */,
			);
			runOnlyForDeploymentPostprocessing = 0;
		};
/* End PBXFrameworksBuildPhase section */

/* Begin PBXGroup section */
		08CBFFD02992DE4900DB6DEB = {
			isa = PBXGroup;
			children = (
				08CBFFDB2992DE4900DB6DEB /* SnapExplore */,
				08CBFFDA2992DE4900DB6DEB /* Products */,
			);
			sourceTree = "<group>";
		};
		08CBFFDA2992DE4900DB6DEB /* Products */ = {
			isa = PBXGroup;
			children = (
				08CBFFD92992DE4900DB6DEB /* SnapExplore.app */,
			);
			name = Products;
			sourceTree = "<group>";
		};
		08CBFFDB2992DE4900DB6DEB /* SnapExplore */ = {
			isa = PBXGroup;
			children = (
				08CBFFF52993819300DB6DEB /* MenuTableViewController.swift */,
				08CBFFDC2992DE4900DB6DEB /* AppDelegate.swift */,
				08CBFFDE2992DE4900DB6DEB /* SceneDelegate.swift */,
				08CB006F2995489400DB6DEB /* HorizontalStackExperiment.swift */,
				08CB00052993F15900DB6DEB /* ComplexLayoutVC.swift */,
				08CB00012993D0BD00DB6DEB /* StretchAllImagesVC.swift */,
				08CBFFFF2993CA7C00DB6DEB /* StackInTableCellVC.swift */,
				08CBFFFD2993C28E00DB6DEB /* MoreElementsInCellVC.swift */,
				08CBFFFB2993BB7B00DB6DEB /* ImageInTableViewVC.swift */,
				08CBFFF92993A31200DB6DEB /* ExploreImagViewIntrinsicSizeViewController.swift */,
				08CBFFF729938AAC00DB6DEB /* ChangeImageRatioByButtonStackViewController.swift */,
				08CBFFE02992DE4900DB6DEB /* ChangeImageRatioByButtonViewController.swift */,
				08CBFFE52992DE4C00DB6DEB /* Assets.xcassets */,
				08CBFFE72992DE4C00DB6DEB /* LaunchScreen.storyboard */,
				08CBFFEA2992DE4C00DB6DEB /* Info.plist */,
				08CBFFF32992DF5200DB6DEB /* Extension+UIColor.swift */,
				08CB00032993D5B100DB6DEB /* ImageRationAwareVC.swift */,
			);
			path = SnapExplore;
			sourceTree = "<group>";
		};
/* End PBXGroup section */

/* Begin PBXNativeTarget section */
		08CBFFD82992DE4900DB6DEB /* SnapExplore */ = {
			isa = PBXNativeTarget;
			buildConfigurationList = 08CBFFED2992DE4C00DB6DEB /* Build configuration list for PBXNativeTarget "SnapExplore" */;
			buildPhases = (
				08CBFFD52992DE4900DB6DEB /* Sources */,
				08CBFFD62992DE4900DB6DEB /* Frameworks */,
				08CBFFD72992DE4900DB6DEB /* Resources */,
			);
			buildRules = (
			);
			dependencies = (
			);
			name = SnapExplore;
			packageProductDependencies = (
				08CBFFF12992DE8D00DB6DEB /* SnapKit */,
			);
			productName = SnapExplore;
			productReference = 08CBFFD92992DE4900DB6DEB /* SnapExplore.app */;
			productType = "com.apple.product-type.application";
		};
/* End PBXNativeTarget section */

/* Begin PBXProject section */
		08CBFFD12992DE4900DB6DEB /* Project object */ = {
			isa = PBXProject;
			attributes = {
				BuildIndependentTargetsInParallel = 1;
				LastSwiftUpdateCheck = 1420;
				LastUpgradeCheck = 1420;
				TargetAttributes = {
					08CBFFD82992DE4900DB6DEB = {
						CreatedOnToolsVersion = 14.2;
					};
				};
			};
			buildConfigurationList = 08CBFFD42992DE4900DB6DEB /* Build configuration list for PBXProject "SnapExplore" */;
			compatibilityVersion = "Xcode 14.0";
			developmentRegion = en;
			hasScannedForEncodings = 0;
			knownRegions = (
				en,
				Base,
			);
			mainGroup = 08CBFFD02992DE4900DB6DEB;
			packageReferences = (
				08CBFFF02992DE8D00DB6DEB /* XCRemoteSwiftPackageReference "SnapKit" */,
			);
			productRefGroup = 08CBFFDA2992DE4900DB6DEB /* Products */;
			projectDirPath = "";
			projectRoot = "";
			targets = (
				08CBFFD82992DE4900DB6DEB /* SnapExplore */,
			);
		};
/* End PBXProject section */

/* Begin PBXResourcesBuildPhase section */
		08CBFFD72992DE4900DB6DEB /* Resources */ = {
			isa = PBXResourcesBuildPhase;
			buildActionMask = 2147483647;
			files = (
				08CBFFE92992DE4C00DB6DEB /* LaunchScreen.storyboard in Resources */,
				08CBFFE62992DE4C00DB6DEB /* Assets.xcassets in Resources */,
			);
			runOnlyForDeploymentPostprocessing = 0;
		};
/* End PBXResourcesBuildPhase section */

/* Begin PBXSourcesBuildPhase section */
		08CBFFD52992DE4900DB6DEB /* Sources */ = {
			isa = PBXSourcesBuildPhase;
			buildActionMask = 2147483647;
			files = (
				08CBFFF829938AAC00DB6DEB /* ChangeImageRatioByButtonStackViewController.swift in Sources */,
				08CB00022993D0BD00DB6DEB /* StretchAllImagesVC.swift in Sources */,
				08CB00002993CA7C00DB6DEB /* StackInTableCellVC.swift in Sources */,
				08CBFFFC2993BB7B00DB6DEB /* ImageInTableViewVC.swift in Sources */,
				08CBFFE12992DE4900DB6DEB /* ChangeImageRatioByButtonViewController.swift in Sources */,
				08CBFFFA2993A31200DB6DEB /* ExploreImagViewIntrinsicSizeViewController.swift in Sources */,
				08CBFFDD2992DE4900DB6DEB /* AppDelegate.swift in Sources */,
				08CB00062993F15900DB6DEB /* ComplexLayoutVC.swift in Sources */,
				08CBFFFE2993C28E00DB6DEB /* MoreElementsInCellVC.swift in Sources */,
				08CB00702995489400DB6DEB /* HorizontalStackExperiment.swift in Sources */,
				08CB00042993D5B100DB6DEB /* ImageRationAwareVC.swift in Sources */,
				08CBFFF62993819300DB6DEB /* MenuTableViewController.swift in Sources */,
				08CBFFDF2992DE4900DB6DEB /* SceneDelegate.swift in Sources */,
				08CBFFF42992DF5200DB6DEB /* Extension+UIColor.swift in Sources */,
			);
			runOnlyForDeploymentPostprocessing = 0;
		};
/* End PBXSourcesBuildPhase section */

/* Begin PBXVariantGroup section */
		08CBFFE72992DE4C00DB6DEB /* LaunchScreen.storyboard */ = {
			isa = PBXVariantGroup;
			children = (
				08CBFFE82992DE4C00DB6DEB /* Base */,
			);
			name = LaunchScreen.storyboard;
			sourceTree = "<group>";
		};
/* End PBXVariantGroup section */

/* Begin XCBuildConfiguration section */
		08CBFFEB2992DE4C00DB6DEB /* Debug */ = {
			isa = XCBuildConfiguration;
			buildSettings = {
				ALWAYS_SEARCH_USER_PATHS = NO;
				CLANG_ANALYZER_NONNULL = YES;
				CLANG_ANALYZER_NUMBER_OBJECT_CONVERSION = YES_AGGRESSIVE;
				CLANG_CXX_LANGUAGE_STANDARD = "gnu++20";
				CLANG_ENABLE_MODULES = YES;
				CLANG_ENABLE_OBJC_ARC = YES;
				CLANG_ENABLE_OBJC_WEAK = YES;
				CLANG_WARN_BLOCK_CAPTURE_AUTORELEASING = YES;
				CLANG_WARN_BOOL_CONVERSION = YES;
				CLANG_WARN_COMMA = YES;
				CLANG_WARN_CONSTANT_CONVERSION = YES;
				CLANG_WARN_DEPRECATED_OBJC_IMPLEMENTATIONS = YES;
				CLANG_WARN_DIRECT_OBJC_ISA_USAGE = YES_ERROR;
				CLANG_WARN_DOCUMENTATION_COMMENTS = YES;
				CLANG_WARN_EMPTY_BODY = YES;
				CLANG_WARN_ENUM_CONVERSION = YES;
				CLANG_WARN_INFINITE_RECURSION = YES;
				CLANG_WARN_INT_CONVERSION = YES;
				CLANG_WARN_NON_LITERAL_NULL_CONVERSION = YES;
				CLANG_WARN_OBJC_IMPLICIT_RETAIN_SELF = YES;
				CLANG_WARN_OBJC_LITERAL_CONVERSION = YES;
				CLANG_WARN_OBJC_ROOT_CLASS = YES_ERROR;
				CLANG_WARN_QUOTED_INCLUDE_IN_FRAMEWORK_HEADER = YES;
				CLANG_WARN_RANGE_LOOP_ANALYSIS = YES;
				CLANG_WARN_STRICT_PROTOTYPES = YES;
				CLANG_WARN_SUSPICIOUS_MOVE = YES;
				CLANG_WARN_UNGUARDED_AVAILABILITY = YES_AGGRESSIVE;
				CLANG_WARN_UNREACHABLE_CODE = YES;
				CLANG_WARN__DUPLICATE_METHOD_MATCH = YES;
				COPY_PHASE_STRIP = NO;
				DEBUG_INFORMATION_FORMAT = dwarf;
				ENABLE_STRICT_OBJC_MSGSEND = YES;
				ENABLE_TESTABILITY = YES;
				GCC_C_LANGUAGE_STANDARD = gnu11;
				GCC_DYNAMIC_NO_PIC = NO;
				GCC_NO_COMMON_BLOCKS = YES;
				GCC_OPTIMIZATION_LEVEL = 0;
				GCC_PREPROCESSOR_DEFINITIONS = (
					"DEBUG=1",
					"$(inherited)",
				);
				GCC_WARN_64_TO_32_BIT_CONVERSION = YES;
				GCC_WARN_ABOUT_RETURN_TYPE = YES_ERROR;
				GCC_WARN_UNDECLARED_SELECTOR = YES;
				GCC_WARN_UNINITIALIZED_AUTOS = YES_AGGRESSIVE;
				GCC_WARN_UNUSED_FUNCTION = YES;
				GCC_WARN_UNUSED_VARIABLE = YES;
				IPHONEOS_DEPLOYMENT_TARGET = 16.2;
				MTL_ENABLE_DEBUG_INFO = INCLUDE_SOURCE;
				MTL_FAST_MATH = YES;
				ONLY_ACTIVE_ARCH = YES;
				SDKROOT = iphoneos;
				SWIFT_ACTIVE_COMPILATION_CONDITIONS = DEBUG;
				SWIFT_OPTIMIZATION_LEVEL = "-Onone";
			};
			name = Debug;
		};
		08CBFFEC2992DE4C00DB6DEB /* Release */ = {
			isa = XCBuildConfiguration;
			buildSettings = {
				ALWAYS_SEARCH_USER_PATHS = NO;
				CLANG_ANALYZER_NONNULL = YES;
				CLANG_ANALYZER_NUMBER_OBJECT_CONVERSION = YES_AGGRESSIVE;
				CLANG_CXX_LANGUAGE_STANDARD = "gnu++20";
				CLANG_ENABLE_MODULES = YES;
				CLANG_ENABLE_OBJC_ARC = YES;
				CLANG_ENABLE_OBJC_WEAK = YES;
				CLANG_WARN_BLOCK_CAPTURE_AUTORELEASING = YES;
				CLANG_WARN_BOOL_CONVERSION = YES;
				CLANG_WARN_COMMA = YES;
				CLANG_WARN_CONSTANT_CONVERSION = YES;
				CLANG_WARN_DEPRECATED_OBJC_IMPLEMENTATIONS = YES;
				CLANG_WARN_DIRECT_OBJC_ISA_USAGE = YES_ERROR;
				CLANG_WARN_DOCUMENTATION_COMMENTS = YES;
				CLANG_WARN_EMPTY_BODY = YES;
				CLANG_WARN_ENUM_CONVERSION = YES;
				CLANG_WARN_INFINITE_RECURSION = YES;
				CLANG_WARN_INT_CONVERSION = YES;
				CLANG_WARN_NON_LITERAL_NULL_CONVERSION = YES;
				CLANG_WARN_OBJC_IMPLICIT_RETAIN_SELF = YES;
				CLANG_WARN_OBJC_LITERAL_CONVERSION = YES;
				CLANG_WARN_OBJC_ROOT_CLASS = YES_ERROR;
				CLANG_WARN_QUOTED_INCLUDE_IN_FRAMEWORK_HEADER = YES;
				CLANG_WARN_RANGE_LOOP_ANALYSIS = YES;
				CLANG_WARN_STRICT_PROTOTYPES = YES;
				CLANG_WARN_SUSPICIOUS_MOVE = YES;
				CLANG_WARN_UNGUARDED_AVAILABILITY = YES_AGGRESSIVE;
				CLANG_WARN_UNREACHABLE_CODE = YES;
				CLANG_WARN__DUPLICATE_METHOD_MATCH = YES;
				COPY_PHASE_STRIP = NO;
				DEBUG_INFORMATION_FORMAT = "dwarf-with-dsym";
				ENABLE_NS_ASSERTIONS = NO;
				ENABLE_STRICT_OBJC_MSGSEND = YES;
				GCC_C_LANGUAGE_STANDARD = gnu11;
				GCC_NO_COMMON_BLOCKS = YES;
				GCC_WARN_64_TO_32_BIT_CONVERSION = YES;
				GCC_WARN_ABOUT_RETURN_TYPE = YES_ERROR;
				GCC_WARN_UNDECLARED_SELECTOR = YES;
				GCC_WARN_UNINITIALIZED_AUTOS = YES_AGGRESSIVE;
				GCC_WARN_UNUSED_FUNCTION = YES;
				GCC_WARN_UNUSED_VARIABLE = YES;
				IPHONEOS_DEPLOYMENT_TARGET = 16.2;
				MTL_ENABLE_DEBUG_INFO = NO;
				MTL_FAST_MATH = YES;
				SDKROOT = iphoneos;
				SWIFT_COMPILATION_MODE = wholemodule;
				SWIFT_OPTIMIZATION_LEVEL = "-O";
				VALIDATE_PRODUCT = YES;
			};
			name = Release;
		};
		08CBFFEE2992DE4C00DB6DEB /* Debug */ = {
			isa = XCBuildConfiguration;
			buildSettings = {
				ASSETCATALOG_COMPILER_APPICON_NAME = AppIcon;
				ASSETCATALOG_COMPILER_GLOBAL_ACCENT_COLOR_NAME = AccentColor;
				CODE_SIGN_STYLE = Automatic;
				CURRENT_PROJECT_VERSION = 1;
				DEVELOPMENT_TEAM = QQ5FDJWTRX;
				GENERATE_INFOPLIST_FILE = YES;
				INFOPLIST_FILE = SnapExplore/Info.plist;
				INFOPLIST_KEY_UIApplicationSupportsIndirectInputEvents = YES;
				INFOPLIST_KEY_UILaunchStoryboardName = LaunchScreen;
				INFOPLIST_KEY_UIMainStoryboardFile = "";
				INFOPLIST_KEY_UISupportedInterfaceOrientations_iPad = "UIInterfaceOrientationPortrait UIInterfaceOrientationPortraitUpsideDown UIInterfaceOrientationLandscapeLeft UIInterfaceOrientationLandscapeRight";
				INFOPLIST_KEY_UISupportedInterfaceOrientations_iPhone = "UIInterfaceOrientationPortrait UIInterfaceOrientationLandscapeLeft UIInterfaceOrientationLandscapeRight";
				LD_RUNPATH_SEARCH_PATHS = (
					"$(inherited)",
					"@executable_path/Frameworks",
				);
				MARKETING_VERSION = 1.0;
				PRODUCT_BUNDLE_IDENTIFIER = ru.afirthes.SnapExplore;
				PRODUCT_NAME = "$(TARGET_NAME)";
				SWIFT_EMIT_LOC_STRINGS = YES;
				SWIFT_VERSION = 5.0;
				TARGETED_DEVICE_FAMILY = "1,2";
			};
			name = Debug;
		};
		08CBFFEF2992DE4C00DB6DEB /* Release */ = {
			isa = XCBuildConfiguration;
			buildSettings = {
				ASSETCATALOG_COMPILER_APPICON_NAME = AppIcon;
				ASSETCATALOG_COMPILER_GLOBAL_ACCENT_COLOR_NAME = AccentColor;
				CODE_SIGN_STYLE = Automatic;
				CURRENT_PROJECT_VERSION = 1;
				DEVELOPMENT_TEAM = QQ5FDJWTRX;
				GENERATE_INFOPLIST_FILE = YES;
				INFOPLIST_FILE = SnapExplore/Info.plist;
				INFOPLIST_KEY_UIApplicationSupportsIndirectInputEvents = YES;
				INFOPLIST_KEY_UILaunchStoryboardName = LaunchScreen;
				INFOPLIST_KEY_UIMainStoryboardFile = "";
				INFOPLIST_KEY_UISupportedInterfaceOrientations_iPad = "UIInterfaceOrientationPortrait UIInterfaceOrientationPortraitUpsideDown UIInterfaceOrientationLandscapeLeft UIInterfaceOrientationLandscapeRight";
				INFOPLIST_KEY_UISupportedInterfaceOrientations_iPhone = "UIInterfaceOrientationPortrait UIInterfaceOrientationLandscapeLeft UIInterfaceOrientationLandscapeRight";
				LD_RUNPATH_SEARCH_PATHS = (
					"$(inherited)",
					"@executable_path/Frameworks",
				);
				MARKETING_VERSION = 1.0;
				PRODUCT_BUNDLE_IDENTIFIER = ru.afirthes.SnapExplore;
				PRODUCT_NAME = "$(TARGET_NAME)";
				SWIFT_EMIT_LOC_STRINGS = YES;
				SWIFT_VERSION = 5.0;
				TARGETED_DEVICE_FAMILY = "1,2";
			};
			name = Release;
		};
/* End XCBuildConfiguration section */

/* Begin XCConfigurationList section */
		08CBFFD42992DE4900DB6DEB /* Build configuration list for PBXProject "SnapExplore" */ = {
			isa = XCConfigurationList;
			buildConfigurations = (
				08CBFFEB2992DE4C00DB6DEB /* Debug */,
				08CBFFEC2992DE4C00DB6DEB /* Release */,
			);
			defaultConfigurationIsVisible = 0;
			defaultConfigurationName = Release;
		};
		08CBFFED2992DE4C00DB6DEB /* Build configuration list for PBXNativeTarget "SnapExplore" */ = {
			isa = XCConfigurationList;
			buildConfigurations = (
				08CBFFEE2992DE4C00DB6DEB /* Debug */,
				08CBFFEF2992DE4C00DB6DEB /* Release */,
			);
			defaultConfigurationIsVisible = 0;
			defaultConfigurationName = Release;
		};
/* End XCConfigurationList section */

/* Begin XCRemoteSwiftPackageReference section */
		08CBFFF02992DE8D00DB6DEB /* XCRemoteSwiftPackageReference "SnapKit" */ = {
			isa = XCRemoteSwiftPackageReference;
			repositoryURL = "https://github.com/SnapKit/SnapKit.git";
			requirement = {
				kind = upToNextMajorVersion;
				minimumVersion = 5.0.0;
			};
		};
/* End XCRemoteSwiftPackageReference section */

/* Begin XCSwiftPackageProductDependency section */
		08CBFFF12992DE8D00DB6DEB /* SnapKit */ = {
			isa = XCSwiftPackageProductDependency;
			package = 08CBFFF02992DE8D00DB6DEB /* XCRemoteSwiftPackageReference "SnapKit" */;
			productName = SnapKit;
		};
/* End XCSwiftPackageProductDependency section */
	};
	rootObject = 08CBFFD12992DE4900DB6DEB /* Project object */;
}
